
Microsoft Visual Studio Solution File, Format Version 12.00
# Visual Studio 15
VisualStudioVersion = 15.0.26730.16
MinimumVisualStudioVersion = 10.0.40219.1
Project("{9A19103F-16F7-4668-BE54-9A1E7A4F7556}") = "KsIL.Runtime", "src\KsIL.Runtime\KsIL.Runtime.csproj", "{0429E5CF-D3E8-4265-BDE4-116AF6CE6CA8}"
EndProject
Project("{9A19103F-16F7-4668-BE54-9A1E7A4F7556}") = "KsIL", "src\KsIL\KsIL.csproj", "{F6C0F344-A5FD-4698-A906-508CCEC3F043}"
EndProject
Global
	GlobalSection(SolutionConfigurationPlatforms) = preSolution
		Debug|Any CPU = Debug|Any CPU
		Release|Any CPU = Release|Any CPU
	EndGlobalSection
	GlobalSection(ProjectConfigurationPlatforms) = postSolution
		{0429E5CF-D3E8-4265-BDE4-116AF6CE6CA8}.Debug|Any CPU.ActiveCfg = Debug|Any CPU
		{0429E5CF-D3E8-4265-BDE4-116AF6CE6CA8}.Debug|Any CPU.Build.0 = Debug|Any CPU
		{0429E5CF-D3E8-4265-BDE4-116AF6CE6CA8}.Release|Any CPU.ActiveCfg = Release|Any CPU
		{0429E5CF-D3E8-4265-BDE4-116AF6CE6CA8}.Release|Any CPU.Build.0 = Release|Any CPU
		{F6C0F344-A5FD-4698-A906-508CCEC3F043}.Debug|Any CPU.ActiveCfg = Debug|Any CPU
		{F6C0F344-A5FD-4698-A906-508CCEC3F043}.Debug|Any CPU.Build.0 = Debug|Any CPU
		{F6C0F344-A5FD-4698-A906-508CCEC3F043}.Release|Any CPU.ActiveCfg = Release|Any CPU
		{F6C0F344-A5FD-4698-A906-508CCEC3F043}.Release|Any CPU.Build.0 = Release|Any CPU
	EndGlobalSection
	GlobalSection(SolutionProperties) = preSolution
		HideSolutionNode = FALSE
	EndGlobalSection
	GlobalSection(ExtensibilityGlobals) = postSolution
		SolutionGuid = {70D3807C-76DA-416B-8C63-72B574829623}
	EndGlobalSection
EndGlobal
